
Microsoft Visual Studio Solution File, Format Version 12.00
# Visual Studio 2015
Project("{FAE04EC0-301F-11D3-BF4B-00C04F79EFBC}") = "zacetek.CSharp.Plugins", "zacetek.CSharp.Plugins.csproj", "{8D57C1A7-C26E-8E32-DC92-DE60336E0164}"
EndProject
Project("{FAE04EC0-301F-11D3-BF4B-00C04F79EFBC}") = "zacetek.CSharp", "zacetek.CSharp.csproj", "{789CC5BA-6434-03F6-B18E-6DC9E96D1826}"
EndProject
Project("{FAE04EC0-301F-11D3-BF4B-00C04F79EFBC}") = "zacetek.CSharp.Editor", "zacetek.CSharp.Editor.csproj", "{978384EA-A54A-6AD2-2025-683B7D8E4620}"
EndProject
Global
	GlobalSection(SolutionConfigurationPlatforms) = preSolution
		Debug|Any CPU = Debug|Any CPU
		Release|Any CPU = Release|Any CPU
	EndGlobalSection
	GlobalSection(ProjectConfigurationPlatforms) = postSolution
		{8D57C1A7-C26E-8E32-DC92-DE60336E0164}.Debug|Any CPU.ActiveCfg = Debug|Any CPU
		{8D57C1A7-C26E-8E32-DC92-DE60336E0164}.Debug|Any CPU.Build.0 = Debug|Any CPU
		{8D57C1A7-C26E-8E32-DC92-DE60336E0164}.Release|Any CPU.ActiveCfg = Release|Any CPU
		{8D57C1A7-C26E-8E32-DC92-DE60336E0164}.Release|Any CPU.Build.0 = Release|Any CPU
		{789CC5BA-6434-03F6-B18E-6DC9E96D1826}.Debug|Any CPU.ActiveCfg = Debug|Any CPU
		{789CC5BA-6434-03F6-B18E-6DC9E96D1826}.Debug|Any CPU.Build.0 = Debug|Any CPU
		{789CC5BA-6434-03F6-B18E-6DC9E96D1826}.Release|Any CPU.ActiveCfg = Release|Any CPU
		{789CC5BA-6434-03F6-B18E-6DC9E96D1826}.Release|Any CPU.Build.0 = Release|Any CPU
		{978384EA-A54A-6AD2-2025-683B7D8E4620}.Debug|Any CPU.ActiveCfg = Debug|Any CPU
		{978384EA-A54A-6AD2-2025-683B7D8E4620}.Debug|Any CPU.Build.0 = Debug|Any CPU
		{978384EA-A54A-6AD2-2025-683B7D8E4620}.Release|Any CPU.ActiveCfg = Release|Any CPU
		{978384EA-A54A-6AD2-2025-683B7D8E4620}.Release|Any CPU.Build.0 = Release|Any CPU
	EndGlobalSection
	GlobalSection(SolutionProperties) = preSolution
		HideSolutionNode = FALSE
	EndGlobalSection
EndGlobal
